
Microsoft Visual Studio Solution File, Format Version 12.00
# Visual Studio Version 17
VisualStudioVersion = 17.5.33516.290
MinimumVisualStudioVersion = 10.0.40219.1
Project("{FAE04EC0-301F-11D3-BF4B-00C04F79EFBC}") = "Calculator", "Calculator.csproj", "{7D01EA1F-62F0-4BD6-AC50-43E61B8745F2}"
EndProject
Global
	GlobalSection(SolutionConfigurationPlatforms) = preSolution
		Debug|Any CPU = Debug|Any CPU
		Release|Any CPU = Release|Any CPU
	EndGlobalSection
	GlobalSection(ProjectConfigurationPlatforms) = postSolution
		{7D01EA1F-62F0-4BD6-AC50-43E61B8745F2}.Debug|Any CPU.ActiveCfg = Debug|Any CPU
		{7D01EA1F-62F0-4BD6-AC50-43E61B8745F2}.Debug|Any CPU.Build.0 = Debug|Any CPU
		{7D01EA1F-62F0-4BD6-AC50-43E61B8745F2}.Release|Any CPU.ActiveCfg = Release|Any CPU
		{7D01EA1F-62F0-4BD6-AC50-43E61B8745F2}.Release|Any CPU.Build.0 = Release|Any CPU
	EndGlobalSection
	GlobalSection(SolutionProperties) = preSolution
		HideSolutionNode = FALSE
	EndGlobalSection
	GlobalSection(ExtensibilityGlobals) = postSolution
		SolutionGuid = {38C299D2-77A8-4F69-9F5C-142938414A78}
	EndGlobalSection
EndGlobal
